
Microsoft Visual Studio Solution File, Format Version 12.00
# Visual Studio Version 16
VisualStudioVersion = 16.0.29020.237
MinimumVisualStudioVersion = 10.0.40219.1
Project("{FAE04EC0-301F-11D3-BF4B-00C04F79EFBC}") = "MyMLApp", "MyMLApp\MyMLApp.csproj", "{A21FD33C-62E3-4D96-BC06-36DFD3375D9E}"
EndProject
Project("{9A19103F-16F7-4668-BE54-9A1E7A4F7556}") = "MyMLAppML.Model", "MyMLAppML.Model\MyMLAppML.Model.csproj", "{D4420584-604D-451B-A448-718C03BECCDB}"
EndProject
Project("{9A19103F-16F7-4668-BE54-9A1E7A4F7556}") = "MyMLAppML.ConsoleApp", "MyMLAppML.ConsoleApp\MyMLAppML.ConsoleApp.csproj", "{66F5B608-FEC0-4DD1-9DBD-EBEE5CBAD965}"
EndProject
Global
	GlobalSection(SolutionConfigurationPlatforms) = preSolution
		Debug|Any CPU = Debug|Any CPU
		Release|Any CPU = Release|Any CPU
	EndGlobalSection
	GlobalSection(ProjectConfigurationPlatforms) = postSolution
		{A21FD33C-62E3-4D96-BC06-36DFD3375D9E}.Debug|Any CPU.ActiveCfg = Debug|Any CPU
		{A21FD33C-62E3-4D96-BC06-36DFD3375D9E}.Debug|Any CPU.Build.0 = Debug|Any CPU
		{A21FD33C-62E3-4D96-BC06-36DFD3375D9E}.Release|Any CPU.ActiveCfg = Release|Any CPU
		{A21FD33C-62E3-4D96-BC06-36DFD3375D9E}.Release|Any CPU.Build.0 = Release|Any CPU
		{D4420584-604D-451B-A448-718C03BECCDB}.Debug|Any CPU.ActiveCfg = Debug|Any CPU
		{D4420584-604D-451B-A448-718C03BECCDB}.Debug|Any CPU.Build.0 = Debug|Any CPU
		{D4420584-604D-451B-A448-718C03BECCDB}.Release|Any CPU.ActiveCfg = Release|Any CPU
		{D4420584-604D-451B-A448-718C03BECCDB}.Release|Any CPU.Build.0 = Release|Any CPU
		{66F5B608-FEC0-4DD1-9DBD-EBEE5CBAD965}.Debug|Any CPU.ActiveCfg = Debug|Any CPU
		{66F5B608-FEC0-4DD1-9DBD-EBEE5CBAD965}.Debug|Any CPU.Build.0 = Debug|Any CPU
		{66F5B608-FEC0-4DD1-9DBD-EBEE5CBAD965}.Release|Any CPU.ActiveCfg = Release|Any CPU
		{66F5B608-FEC0-4DD1-9DBD-EBEE5CBAD965}.Release|Any CPU.Build.0 = Release|Any CPU
	EndGlobalSection
	GlobalSection(SolutionProperties) = preSolution
		HideSolutionNode = FALSE
	EndGlobalSection
	GlobalSection(ExtensibilityGlobals) = postSolution
		SolutionGuid = {5B06C45A-64B7-49D0-9C24-C24DE22759C5}
	EndGlobalSection
EndGlobal
